SITE
  remote: http://community.opscode.com/api/v1
  specs:
    apt (2.1.1)
    build-essential (1.4.2)
    chef_gem (0.1.0)
    python (1.4.0)
      build-essential (>= 0.0.0)
      yum (>= 0.0.0)
    runit (1.2.0)
      build-essential (>= 0.0.0)
      yum (>= 0.0.0)
    yum (2.3.2)

GIT
  remote: git://github.com/fnichol/chef-git.git
  ref: master
  sha: 6c19cbefcdad5ec0f62a64dae1f656d660698ea3
  specs:
    git (0.9.0)
      runit (>= 0.0.0)

GIT
  remote: git://github.com/fnichol/chef-rvm.git
  ref: master
  sha: 59dc482e2c39db4c378e79e10569f1becdc4bc43
  specs:
    rvm (0.9.1)
      chef_gem (>= 0.0.0)

GIT
  remote: git://github.com/ikusalic/chef-vim-setup.git
  ref: master
  sha: 7ffe2c8a3455744d414365cb1ff32b91c3dbcd45
  specs:
    vim-setup (0.1.2)
      git (>= 0.0.0)

DEPENDENCIES
  apt (>= 0)
  git (>= 0)
  python (>= 0)
  rvm (>= 0)
  vim-setup (>= 0)

